// !$*UTF8*$!
{
	archiveVersion = 1;
	classes = {
	};
	objectVersion = 77;
	objects = {

/* Begin PBXBuildFile section */
		3F736F852F883B31003FEEE0 /* UtilitiesColorContrastHelper.swift in Sources */ = {isa = PBXBuildFile; fileRef = 3F736F842F883B31003FEEE0 /* UtilitiesColorContrastHelper.swift */; };
		3F736F872F883B3C003FEEE0 /* UtilitiesVoucherDuplicateDetector.swift in Sources */ = {isa = PBXBuildFile; fileRef = 3F736F862F883B3C003FEEE0 /* UtilitiesVoucherDuplicateDetector.swift */; };
		3F736F892F883B65003FEEE0 /* ViewModelsVoucherImportViewModel.swift in Sources */ = {isa = PBXBuildFile; fileRef = 3F736F882F883B65003FEEE0 /* ViewModelsVoucherImportViewModel.swift */; };
		3F736F8B2F883B6E003FEEE0 /* ViewComponentsConfidenceBadge.swift in Sources */ = {isa = PBXBuildFile; fileRef = 3F736F8A2F883B6E003FEEE0 /* ViewComponentsConfidenceBadge.swift */; };
		3F736F8D2F883B87003FEEE0 /* ViewComponentsColorCustomizationSection.swift in Sources */ = {isa = PBXBuildFile; fileRef = 3F736F8C2F883B87003FEEE0 /* ViewComponentsColorCustomizationSection.swift */; };
		3F736F8F2F883B9D003FEEE0 /* ViewComponentsVoucherFormFields.swift in Sources */ = {isa = PBXBuildFile; fileRef = 3F736F8E2F883B9D003FEEE0 /* ViewComponentsVoucherFormFields.swift */; };
		3F736F912F883BBB003FEEE0 /* ViewComponentsMultiVoucherList.swift in Sources */ = {isa = PBXBuildFile; fileRef = 3F736F902F883BBB003FEEE0 /* ViewComponentsMultiVoucherList.swift */; };
		3F7370612F884655003FEEE0 /* WidgetKit.framework in Frameworks */ = {isa = PBXBuildFile; fileRef = 3F7370602F884655003FEEE0 /* WidgetKit.framework */; };
		3F7370632F884655003FEEE0 /* SwiftUI.framework in Frameworks */ = {isa = PBXBuildFile; fileRef = 3F7370622F884655003FEEE0 /* SwiftUI.framework */; };
		3F7370722F884655003FEEE0 /* VoucherWidgetExtension.appex in Embed Foundation Extensions */ = {isa = PBXBuildFile; fileRef = 3F73705E2F884655003FEEE0 /* VoucherWidgetExtension.appex */; settings = {ATTRIBUTES = (RemoveHeadersOnCopy, ); }; };
/* End PBXBuildFile section */

/* Begin PBXContainerItemProxy section */
		3F7370702F884655003FEEE0 /* PBXContainerItemProxy */ = {
			isa = PBXContainerItemProxy;
			containerPortal = 3F5725202F7EBE8C00E99806 /* Project object */;
			proxyType = 1;
			remoteGlobalIDString = 3F73705D2F884655003FEEE0;
			remoteInfo = VoucherWidgetExtension;
		};
/* End PBXContainerItemProxy section */

/* Begin PBXCopyFilesBuildPhase section */
		3F7370772F884655003FEEE0 /* Embed Foundation Extensions */ = {
			isa = PBXCopyFilesBuildPhase;
			buildActionMask = 2147483647;
			dstPath = "";
			dstSubfolderSpec = 13;
			files = (
				3F7370722F884655003FEEE0 /* VoucherWidgetExtension.appex in Embed Foundation Extensions */,
			);
			name = "Embed Foundation Extensions";
			runOnlyForDeploymentPostprocessing = 0;
		};
/* End PBXCopyFilesBuildPhase section */

/* Begin PBXFileReference section */
		3F5725282F7EBE8C00E99806 /* Voucher Wallet.app */ = {isa = PBXFileReference; explicitFileType = wrapper.application; includeInIndex = 0; path = "Voucher Wallet.app"; sourceTree = BUILT_PRODUCTS_DIR; };
		3F736F842F883B31003FEEE0 /* UtilitiesColorContrastHelper.swift */ = {isa = PBXFileReference; lastKnownFileType = sourcecode.swift; path = UtilitiesColorContrastHelper.swift; sourceTree = "<group>"; };
		3F736F862F883B3C003FEEE0 /* UtilitiesVoucherDuplicateDetector.swift */ = {isa = PBXFileReference; lastKnownFileType = sourcecode.swift; path = UtilitiesVoucherDuplicateDetector.swift; sourceTree = "<group>"; };
		3F736F882F883B65003FEEE0 /* ViewModelsVoucherImportViewModel.swift */ = {isa = PBXFileReference; lastKnownFileType = sourcecode.swift; path = ViewModelsVoucherImportViewModel.swift; sourceTree = "<group>"; };
		3F736F8A2F883B6E003FEEE0 /* ViewComponentsConfidenceBadge.swift */ = {isa = PBXFileReference; lastKnownFileType = sourcecode.swift; path = ViewComponentsConfidenceBadge.swift; sourceTree = "<group>"; };
		3F736F8C2F883B87003FEEE0 /* ViewComponentsColorCustomizationSection.swift */ = {isa = PBXFileReference; lastKnownFileType = sourcecode.swift; path = ViewComponentsColorCustomizationSection.swift; sourceTree = "<group>"; };
		3F736F8E2F883B9D003FEEE0 /* ViewComponentsVoucherFormFields.swift */ = {isa = PBXFileReference; lastKnownFileType = sourcecode.swift; path = ViewComponentsVoucherFormFields.swift; sourceTree = "<group>"; };
		3F736F902F883BBB003FEEE0 /* ViewComponentsMultiVoucherList.swift */ = {isa = PBXFileReference; lastKnownFileType = sourcecode.swift; path = ViewComponentsMultiVoucherList.swift; sourceTree = "<group>"; };
		3F73705E2F884655003FEEE0 /* VoucherWidgetExtension.appex */ = {isa = PBXFileReference; explicitFileType = "wrapper.app-extension"; includeInIndex = 0; path = VoucherWidgetExtension.appex; sourceTree = BUILT_PRODUCTS_DIR; };
		3F7370602F884655003FEEE0 /* WidgetKit.framework */ = {isa = PBXFileReference; lastKnownFileType = wrapper.framework; name = WidgetKit.framework; path = System/Library/Frameworks/WidgetKit.framework; sourceTree = SDKROOT; };
		3F7370622F884655003FEEE0 /* SwiftUI.framework */ = {isa = PBXFileReference; lastKnownFileType = wrapper.framework; name = SwiftUI.framework; path = System/Library/Frameworks/SwiftUI.framework; sourceTree = SDKROOT; };
		3F7370832F8849F2003FEEE0 /* VoucherWidgetExtension.entitlements */ = {isa = PBXFileReference; lastKnownFileType = text.plist.entitlements; path = VoucherWidgetExtension.entitlements; sourceTree = "<group>"; };
/* End PBXFileReference section */

/* Begin PBXFileSystemSynchronizedBuildFileExceptionSet section */
		3F7370732F884655003FEEE0 /* Exceptions for "VoucherWidget" folder in "VoucherWidgetExtension" target */ = {
			isa = PBXFileSystemSynchronizedBuildFileExceptionSet;
			membershipExceptions = (
				Info.plist,
			);
			target = 3F73705D2F884655003FEEE0 /* VoucherWidgetExtension */;
		};
		3F73707B2F884840003FEEE0 /* Exceptions for "Voucher Wallet" folder in "VoucherWidgetExtension" target */ = {
			isa = PBXFileSystemSynchronizedBuildFileExceptionSet;
			membershipExceptions = (
				ModelsExpense.swift,
				ModelsVoucher.swift,
				SharedModelContainer.swift,
				"UtilitiesColorExtension 2.swift",
				UtilitiesColorExtensions.swift,
				UtilitiesPDFAnalyzerExtensions.swift,
				WidgetsFavoriteVouchersWidget.swift,
			);
			target = 3F73705D2F884655003FEEE0 /* VoucherWidgetExtension */;
		};
		3F7370862F884DF1003FEEE0 /* Exceptions for "Voucher Wallet" folder in "Voucher Wallet" target */ = {
			isa = PBXFileSystemSynchronizedBuildFileExceptionSet;
			membershipExceptions = (
				TestsFavoriteVouchersWidgetTests.swift,
			);
			target = 3F5725272F7EBE8C00E99806 /* Voucher Wallet */;
		};
/* End PBXFileSystemSynchronizedBuildFileExceptionSet section */

/* Begin PBXFileSystemSynchronizedRootGroup section */
		3F57252A2F7EBE8C00E99806 /* Voucher Wallet */ = {
			isa = PBXFileSystemSynchronizedRootGroup;
			exceptions = (
				3F7370862F884DF1003FEEE0 /* Exceptions for "Voucher Wallet" folder in "Voucher Wallet" target */,
				3F73707B2F884840003FEEE0 /* Exceptions for "Voucher Wallet" folder in "VoucherWidgetExtension" target */,
			);
			path = "Voucher Wallet";
			sourceTree = "<group>";
		};
		3F7370642F884655003FEEE0 /* VoucherWidget */ = {
			isa = PBXFileSystemSynchronizedRootGroup;
			exceptions = (
				3F7370732F884655003FEEE0 /* Exceptions for "VoucherWidget" folder in "VoucherWidgetExtension" target */,
			);
			path = VoucherWidget;
			sourceTree = "<group>";
		};
/* End PBXFileSystemSynchronizedRootGroup section */

/* Begin PBXFrameworksBuildPhase section */
		3F5725252F7EBE8C00E99806 /* Frameworks */ = {
			isa = PBXFrameworksBuildPhase;
			buildActionMask = 2147483647;
			files = (
			);
			runOnlyForDeploymentPostprocessing = 0;
		};
		3F73705B2F884655003FEEE0 /* Frameworks */ = {
			isa = PBXFrameworksBuildPhase;
			buildActionMask = 2147483647;
			files = (
				3F7370632F884655003FEEE0 /* SwiftUI.framework in Frameworks */,
				3F7370612F884655003FEEE0 /* WidgetKit.framework in Frameworks */,
			);
			runOnlyForDeploymentPostprocessing = 0;
		};
/* End PBXFrameworksBuildPhase section */

/* Begin PBXGroup section */
		3F57251F2F7EBE8C00E99806 = {
			isa = PBXGroup;
			children = (
				3F7370832F8849F2003FEEE0 /* VoucherWidgetExtension.entitlements */,
				3F57252A2F7EBE8C00E99806 /* Voucher Wallet */,
				3F7370642F884655003FEEE0 /* VoucherWidget */,
				3F73705F2F884655003FEEE0 /* Frameworks */,
				3F5725292F7EBE8C00E99806 /* Products */,
				3F736F842F883B31003FEEE0 /* UtilitiesColorContrastHelper.swift */,
				3F736F862F883B3C003FEEE0 /* UtilitiesVoucherDuplicateDetector.swift */,
				3F736F882F883B65003FEEE0 /* ViewModelsVoucherImportViewModel.swift */,
				3F736F8A2F883B6E003FEEE0 /* ViewComponentsConfidenceBadge.swift */,
				3F736F8C2F883B87003FEEE0 /* ViewComponentsColorCustomizationSection.swift */,
				3F736F8E2F883B9D003FEEE0 /* ViewComponentsVoucherFormFields.swift */,
				3F736F902F883BBB003FEEE0 /* ViewComponentsMultiVoucherList.swift */,
			);
			sourceTree = "<group>";
		};
		3F5725292F7EBE8C00E99806 /* Products */ = {
			isa = PBXGroup;
			children = (
				3F5725282F7EBE8C00E99806 /* Voucher Wallet.app */,
				3F73705E2F884655003FEEE0 /* VoucherWidgetExtension.appex */,
			);
			name = Products;
			sourceTree = "<group>";
		};
		3F73705F2F884655003FEEE0 /* Frameworks */ = {
			isa = PBXGroup;
			children = (
				3F7370602F884655003FEEE0 /* WidgetKit.framework */,
				3F7370622F884655003FEEE0 /* SwiftUI.framework */,
			);
			name = Frameworks;
			sourceTree = "<group>";
		};
/* End PBXGroup section */

/* Begin PBXNativeTarget section */
		3F5725272F7EBE8C00E99806 /* Voucher Wallet */ = {
			isa = PBXNativeTarget;
			buildConfigurationList = 3F5725332F7EBE8D00E99806 /* Build configuration list for PBXNativeTarget "Voucher Wallet" */;
			buildPhases = (
				3F5725242F7EBE8C00E99806 /* Sources */,
				3F5725252F7EBE8C00E99806 /* Frameworks */,
				3F5725262F7EBE8C00E99806 /* Resources */,
				3F7370772F884655003FEEE0 /* Embed Foundation Extensions */,
			);
			buildRules = (
			);
			dependencies = (
				3F7370712F884655003FEEE0 /* PBXTargetDependency */,
			);
			fileSystemSynchronizedGroups = (
				3F57252A2F7EBE8C00E99806 /* Voucher Wallet */,
			);
			name = "Voucher Wallet";
			packageProductDependencies = (
			);
			productName = "Voucher Wallet";
			productReference = 3F5725282F7EBE8C00E99806 /* Voucher Wallet.app */;
			productType = "com.apple.product-type.application";
		};
		3F73705D2F884655003FEEE0 /* VoucherWidgetExtension */ = {
			isa = PBXNativeTarget;
			buildConfigurationList = 3F7370742F884655003FEEE0 /* Build configuration list for PBXNativeTarget "VoucherWidgetExtension" */;
			buildPhases = (
				3F73705A2F884655003FEEE0 /* Sources */,
				3F73705B2F884655003FEEE0 /* Frameworks */,
				3F73705C2F884655003FEEE0 /* Resources */,
			);
			buildRules = (
			);
			dependencies = (
			);
			fileSystemSynchronizedGroups = (
				3F7370642F884655003FEEE0 /* VoucherWidget */,
			);
			name = VoucherWidgetExtension;
			packageProductDependencies = (
			);
			productName = VoucherWidgetExtension;
			productReference = 3F73705E2F884655003FEEE0 /* VoucherWidgetExtension.appex */;
			productType = "com.apple.product-type.app-extension";
		};
/* End PBXNativeTarget section */

/* Begin PBXProject section */
		3F5725202F7EBE8C00E99806 /* Project object */ = {
			isa = PBXProject;
			attributes = {
				BuildIndependentTargetsInParallel = 1;
				LastSwiftUpdateCheck = 2640;
				LastUpgradeCheck = 2640;
				TargetAttributes = {
					3F5725272F7EBE8C00E99806 = {
						CreatedOnToolsVersion = 26.4;
					};
					3F73705D2F884655003FEEE0 = {
						CreatedOnToolsVersion = 26.4;
					};
				};
			};
			buildConfigurationList = 3F5725232F7EBE8C00E99806 /* Build configuration list for PBXProject "Voucher Wallet" */;
			developmentRegion = en;
			hasScannedForEncodings = 0;
			knownRegions = (
				en,
				Base,
			);
			mainGroup = 3F57251F2F7EBE8C00E99806;
			minimizedProjectReferenceProxies = 1;
			preferredProjectObjectVersion = 77;
			productRefGroup = 3F5725292F7EBE8C00E99806 /* Products */;
			projectDirPath = "";
			projectRoot = "";
			targets = (
				3F5725272F7EBE8C00E99806 /* Voucher Wallet */,
				3F73705D2F884655003FEEE0 /* VoucherWidgetExtension */,
			);
		};
/* End PBXProject section */

/* Begin PBXResourcesBuildPhase section */
		3F5725262F7EBE8C00E99806 /* Resources */ = {
			isa = PBXResourcesBuildPhase;
			buildActionMask = 2147483647;
			files = (
			);
			runOnlyForDeploymentPostprocessing = 0;
		};
		3F73705C2F884655003FEEE0 /* Resources */ = {
			isa = PBXResourcesBuildPhase;
			buildActionMask = 2147483647;
			files = (
			);
			runOnlyForDeploymentPostprocessing = 0;
		};
/* End PBXResourcesBuildPhase section */

/* Begin PBXSourcesBuildPhase section */
		3F5725242F7EBE8C00E99806 /* Sources */ = {
			isa = PBXSourcesBuildPhase;
			buildActionMask = 2147483647;
			files = (
				3F736F892F883B65003FEEE0 /* ViewModelsVoucherImportViewModel.swift in Sources */,
				3F736F8F2F883B9D003FEEE0 /* ViewComponentsVoucherFormFields.swift in Sources */,
				3F736F8B2F883B6E003FEEE0 /* ViewComponentsConfidenceBadge.swift in Sources */,
				3F736F872F883B3C003FEEE0 /* UtilitiesVoucherDuplicateDetector.swift in Sources */,
				3F736F8D2F883B87003FEEE0 /* ViewComponentsColorCustomizationSection.swift in Sources */,
				3F736F912F883BBB003FEEE0 /* ViewComponentsMultiVoucherList.swift in Sources */,
				3F736F852F883B31003FEEE0 /* UtilitiesColorContrastHelper.swift in Sources */,
			);
			runOnlyForDeploymentPostprocessing = 0;
		};
		3F73705A2F884655003FEEE0 /* Sources */ = {
			isa = PBXSourcesBuildPhase;
			buildActionMask = 2147483647;
			files = (
			);
			runOnlyForDeploymentPostprocessing = 0;
		};
/* End PBXSourcesBuildPhase section */

/* Begin PBXTargetDependency section */
		3F7370712F884655003FEEE0 /* PBXTargetDependency */ = {
			isa = PBXTargetDependency;
			target = 3F73705D2F884655003FEEE0 /* VoucherWidgetExtension */;
			targetProxy = 3F7370702F884655003FEEE0 /* PBXContainerItemProxy */;
		};
/* End PBXTargetDependency section */

/* Begin XCBuildConfiguration section */
		3F5725312F7EBE8D00E99806 /* Debug */ = {
			isa = XCBuildConfiguration;
			buildSettings = {
				ALWAYS_SEARCH_USER_PATHS = NO;
				ASSETCATALOG_COMPILER_GENERATE_SWIFT_ASSET_SYMBOL_EXTENSIONS = YES;
				CLANG_ANALYZER_NONNULL = YES;
				CLANG_ANALYZER_NUMBER_OBJECT_CONVERSION = YES_AGGRESSIVE;
				CLANG_CXX_LANGUAGE_STANDARD = "gnu++20";
				CLANG_ENABLE_MODULES = YES;
				CLANG_ENABLE_OBJC_ARC = YES;
				CLANG_ENABLE_OBJC_WEAK = YES;
				CLANG_WARN_BLOCK_CAPTURE_AUTORELEASING = YES;
				CLANG_WARN_BOOL_CONVERSION = YES;
				CLANG_WARN_COMMA = YES;
				CLANG_WARN_CONSTANT_CONVERSION = YES;
				CLANG_WARN_DEPRECATED_OBJC_IMPLEMENTATIONS = YES;
				CLANG_WARN_DIRECT_OBJC_ISA_USAGE = YES_ERROR;
				CLANG_WARN_DOCUMENTATION_COMMENTS = YES;
				CLANG_WARN_EMPTY_BODY = YES;
				CLANG_WARN_ENUM_CONVERSION = YES;
				CLANG_WARN_INFINITE_RECURSION = YES;
				CLANG_WARN_INT_CONVERSION = YES;
				CLANG_WARN_NON_LITERAL_NULL_CONVERSION = YES;
				CLANG_WARN_OBJC_IMPLICIT_RETAIN_SELF = YES;
				CLANG_WARN_OBJC_LITERAL_CONVERSION = YES;
				CLANG_WARN_OBJC_ROOT_CLASS = YES_ERROR;
				CLANG_WARN_QUOTED_INCLUDE_IN_FRAMEWORK_HEADER = YES;
				CLANG_WARN_RANGE_LOOP_ANALYSIS = YES;
				CLANG_WARN_STRICT_PROTOTYPES = YES;
				CLANG_WARN_SUSPICIOUS_MOVE = YES;
				CLANG_WARN_UNGUARDED_AVAILABILITY = YES_AGGRESSIVE;
				CLANG_WARN_UNREACHABLE_CODE = YES;
				CLANG_WARN__DUPLICATE_METHOD_MATCH = YES;
				COPY_PHASE_STRIP = NO;
				DEBUG_INFORMATION_FORMAT = dwarf;
				ENABLE_STRICT_OBJC_MSGSEND = YES;
				ENABLE_TESTABILITY = YES;
				ENABLE_USER_SCRIPT_SANDBOXING = YES;
				GCC_C_LANGUAGE_STANDARD = gnu17;
				GCC_DYNAMIC_NO_PIC = NO;
				GCC_NO_COMMON_BLOCKS = YES;
				GCC_OPTIMIZATION_LEVEL = 0;
				GCC_PREPROCESSOR_DEFINITIONS = (
					"DEBUG=1",
					"$(inherited)",
				);
				GCC_WARN_64_TO_32_BIT_CONVERSION = YES;
				GCC_WARN_ABOUT_RETURN_TYPE = YES_ERROR;
				GCC_WARN_UNDECLARED_SELECTOR = YES;
				GCC_WARN_UNINITIALIZED_AUTOS = YES_AGGRESSIVE;
				GCC_WARN_UNUSED_FUNCTION = YES;
				GCC_WARN_UNUSED_VARIABLE = YES;
				IPHONEOS_DEPLOYMENT_TARGET = 26.4;
				LOCALIZATION_PREFERS_STRING_CATALOGS = YES;
				MTL_ENABLE_DEBUG_INFO = INCLUDE_SOURCE;
				MTL_FAST_MATH = YES;
				ONLY_ACTIVE_ARCH = YES;
				SDKROOT = iphoneos;
				SWIFT_ACTIVE_COMPILATION_CONDITIONS = "DEBUG $(inherited)";
				SWIFT_OPTIMIZATION_LEVEL = "-Onone";
			};
			name = Debug;
		};
		3F5725322F7EBE8D00E99806 /* Release */ = {
			isa = XCBuildConfiguration;
			buildSettings = {
				ALWAYS_SEARCH_USER_PATHS = NO;
				ASSETCATALOG_COMPILER_GENERATE_SWIFT_ASSET_SYMBOL_EXTENSIONS = YES;
				CLANG_ANALYZER_NONNULL = YES;
				CLANG_ANALYZER_NUMBER_OBJECT_CONVERSION = YES_AGGRESSIVE;
				CLANG_CXX_LANGUAGE_STANDARD = "gnu++20";
				CLANG_ENABLE_MODULES = YES;
				CLANG_ENABLE_OBJC_ARC = YES;
				CLANG_ENABLE_OBJC_WEAK = YES;
				CLANG_WARN_BLOCK_CAPTURE_AUTORELEASING = YES;
				CLANG_WARN_BOOL_CONVERSION = YES;
				CLANG_WARN_COMMA = YES;
				CLANG_WARN_CONSTANT_CONVERSION = YES;
				CLANG_WARN_DEPRECATED_OBJC_IMPLEMENTATIONS = YES;
				CLANG_WARN_DIRECT_OBJC_ISA_USAGE = YES_ERROR;
				CLANG_WARN_DOCUMENTATION_COMMENTS = YES;
				CLANG_WARN_EMPTY_BODY = YES;
				CLANG_WARN_ENUM_CONVERSION = YES;
				CLANG_WARN_INFINITE_RECURSION = YES;
				CLANG_WARN_INT_CONVERSION = YES;
				CLANG_WARN_NON_LITERAL_NULL_CONVERSION = YES;
				CLANG_WARN_OBJC_IMPLICIT_RETAIN_SELF = YES;
				CLANG_WARN_OBJC_LITERAL_CONVERSION = YES;
				CLANG_WARN_OBJC_ROOT_CLASS = YES_ERROR;
				CLANG_WARN_QUOTED_INCLUDE_IN_FRAMEWORK_HEADER = YES;
				CLANG_WARN_RANGE_LOOP_ANALYSIS = YES;
				CLANG_WARN_STRICT_PROTOTYPES = YES;
				CLANG_WARN_SUSPICIOUS_MOVE = YES;
				CLANG_WARN_UNGUARDED_AVAILABILITY = YES_AGGRESSIVE;
				CLANG_WARN_UNREACHABLE_CODE = YES;
				CLANG_WARN__DUPLICATE_METHOD_MATCH = YES;
				COPY_PHASE_STRIP = NO;
				DEBUG_INFORMATION_FORMAT = "dwarf-with-dsym";
				ENABLE_NS_ASSERTIONS = NO;
				ENABLE_STRICT_OBJC_MSGSEND = YES;
				ENABLE_USER_SCRIPT_SANDBOXING = YES;
				GCC_C_LANGUAGE_STANDARD = gnu17;
				GCC_NO_COMMON_BLOCKS = YES;
				GCC_WARN_64_TO_32_BIT_CONVERSION = YES;
				GCC_WARN_ABOUT_RETURN_TYPE = YES_ERROR;
				GCC_WARN_UNDECLARED_SELECTOR = YES;
				GCC_WARN_UNINITIALIZED_AUTOS = YES_AGGRESSIVE;
				GCC_WARN_UNUSED_FUNCTION = YES;
				GCC_WARN_UNUSED_VARIABLE = YES;
				IPHONEOS_DEPLOYMENT_TARGET = 26.4;
				LOCALIZATION_PREFERS_STRING_CATALOGS = YES;
				MTL_ENABLE_DEBUG_INFO = NO;
				MTL_FAST_MATH = YES;
				SDKROOT = iphoneos;
				SWIFT_COMPILATION_MODE = wholemodule;
				VALIDATE_PRODUCT = YES;
			};
			name = Release;
		};
		3F5725342F7EBE8D00E99806 /* Debug */ = {
			isa = XCBuildConfiguration;
			buildSettings = {
				ASSETCATALOG_COMPILER_APPICON_NAME = AppIcon;
				ASSETCATALOG_COMPILER_GLOBAL_ACCENT_COLOR_NAME = AccentColor;
				CODE_SIGN_ENTITLEMENTS = "Voucher Wallet/Voucher Wallet.entitlements";
				CODE_SIGN_IDENTITY = "Apple Development";
				CODE_SIGN_STYLE = Automatic;
				CURRENT_PROJECT_VERSION = 1;
				DEVELOPMENT_TEAM = 5U5279P9WF;
				ENABLE_PREVIEWS = YES;
				GENERATE_INFOPLIST_FILE = YES;
				INFOPLIST_FILE = "Voucher-Wallet-Info.plist";
				INFOPLIST_KEY_LSSupportsOpeningDocumentsInPlace = NO;
				INFOPLIST_KEY_UIApplicationSceneManifest_Generation = YES;
				INFOPLIST_KEY_UIApplicationSupportsIndirectInputEvents = YES;
				INFOPLIST_KEY_UILaunchScreen_Generation = YES;
				INFOPLIST_KEY_UIStatusBarStyle = "";
				INFOPLIST_KEY_UISupportedInterfaceOrientations_iPad = "UIInterfaceOrientationPortrait UIInterfaceOrientationPortraitUpsideDown UIInterfaceOrientationLandscapeLeft UIInterfaceOrientationLandscapeRight";
				INFOPLIST_KEY_UISupportedInterfaceOrientations_iPhone = "UIInterfaceOrientationPortrait UIInterfaceOrientationLandscapeLeft UIInterfaceOrientationLandscapeRight";
				LD_RUNPATH_SEARCH_PATHS = (
					"$(inherited)",
					"@executable_path/Frameworks",
				);
				MARKETING_VERSION = 1.0;
				PRODUCT_BUNDLE_IDENTIFIER = "jrocher.Voucher-Wallet";
				PRODUCT_NAME = "$(TARGET_NAME)";
				PROVISIONING_PROFILE_SPECIFIER = "";
				STRING_CATALOG_GENERATE_SYMBOLS = YES;
				SUPPORTED_PLATFORMS = "iphoneos iphonesimulator";
				SUPPORTS_MACCATALYST = NO;
				SUPPORTS_MAC_DESIGNED_FOR_IPHONE_IPAD = NO;
				SUPPORTS_XR_DESIGNED_FOR_IPHONE_IPAD = NO;
				SWIFT_APPROACHABLE_CONCURRENCY = YES;
				SWIFT_DEFAULT_ACTOR_ISOLATION = MainActor;
				SWIFT_EMIT_LOC_STRINGS = YES;
				SWIFT_UPCOMING_FEATURE_MEMBER_IMPORT_VISIBILITY = YES;
				SWIFT_VERSION = 5.0;
				TARGETED_DEVICE_FAMILY = 1;
			};
			name = Debug;
		};
		3F5725352F7EBE8D00E99806 /* Release */ = {
			isa = XCBuildConfiguration;
			buildSettings = {
				ASSETCATALOG_COMPILER_APPICON_NAME = AppIcon;
				ASSETCATALOG_COMPILER_GLOBAL_ACCENT_COLOR_NAME = AccentColor;
				CODE_SIGN_ENTITLEMENTS = "Voucher Wallet/Voucher Wallet.entitlements";
				CODE_SIGN_IDENTITY = "Apple Development";
				CODE_SIGN_STYLE = Automatic;
				CURRENT_PROJECT_VERSION = 1;
				DEVELOPMENT_TEAM = 5U5279P9WF;
				ENABLE_PREVIEWS = YES;
				GENERATE_INFOPLIST_FILE = YES;
				INFOPLIST_FILE = "Voucher-Wallet-Info.plist";
				INFOPLIST_KEY_LSSupportsOpeningDocumentsInPlace = NO;
				INFOPLIST_KEY_UIApplicationSceneManifest_Generation = YES;
				INFOPLIST_KEY_UIApplicationSupportsIndirectInputEvents = YES;
				INFOPLIST_KEY_UILaunchScreen_Generation = YES;
				INFOPLIST_KEY_UIStatusBarStyle = "";
				INFOPLIST_KEY_UISupportedInterfaceOrientations_iPad = "UIInterfaceOrientationPortrait UIInterfaceOrientationPortraitUpsideDown UIInterfaceOrientationLandscapeLeft UIInterfaceOrientationLandscapeRight";
				INFOPLIST_KEY_UISupportedInterfaceOrientations_iPhone = "UIInterfaceOrientationPortrait UIInterfaceOrientationLandscapeLeft UIInterfaceOrientationLandscapeRight";
				LD_RUNPATH_SEARCH_PATHS = (
					"$(inherited)",
					"@executable_path/Frameworks",
				);
				MARKETING_VERSION = 1.0;
				PRODUCT_BUNDLE_IDENTIFIER = "jrocher.Voucher-Wallet";
				PRODUCT_NAME = "$(TARGET_NAME)";
				PROVISIONING_PROFILE_SPECIFIER = "";
				STRING_CATALOG_GENERATE_SYMBOLS = YES;
				SUPPORTED_PLATFORMS = "iphoneos iphonesimulator";
				SUPPORTS_MACCATALYST = NO;
				SUPPORTS_MAC_DESIGNED_FOR_IPHONE_IPAD = NO;
				SUPPORTS_XR_DESIGNED_FOR_IPHONE_IPAD = NO;
				SWIFT_APPROACHABLE_CONCURRENCY = YES;
				SWIFT_DEFAULT_ACTOR_ISOLATION = MainActor;
				SWIFT_EMIT_LOC_STRINGS = YES;
				SWIFT_UPCOMING_FEATURE_MEMBER_IMPORT_VISIBILITY = YES;
				SWIFT_VERSION = 5.0;
				TARGETED_DEVICE_FAMILY = 1;
			};
			name = Release;
		};
		3F7370752F884655003FEEE0 /* Debug */ = {
			isa = XCBuildConfiguration;
			buildSettings = {
				ASSETCATALOG_COMPILER_GLOBAL_ACCENT_COLOR_NAME = AccentColor;
				ASSETCATALOG_COMPILER_WIDGET_BACKGROUND_COLOR_NAME = WidgetBackground;
				CODE_SIGN_ENTITLEMENTS = VoucherWidgetExtension.entitlements;
				CODE_SIGN_IDENTITY = "Apple Development";
				CODE_SIGN_STYLE = Automatic;
				CURRENT_PROJECT_VERSION = 1;
				DEVELOPMENT_TEAM = 5U5279P9WF;
				GENERATE_INFOPLIST_FILE = YES;
				INFOPLIST_FILE = VoucherWidget/Info.plist;
				INFOPLIST_KEY_CFBundleDisplayName = VoucherWidget;
				INFOPLIST_KEY_NSHumanReadableCopyright = "";
				LD_RUNPATH_SEARCH_PATHS = (
					"$(inherited)",
					"@executable_path/Frameworks",
					"@executable_path/../../Frameworks",
				);
				MARKETING_VERSION = 1.0;
				PRODUCT_BUNDLE_IDENTIFIER = "jrocher.Voucher-Wallet.VoucherWidget";
				PRODUCT_NAME = "$(TARGET_NAME)";
				SKIP_INSTALL = YES;
				STRING_CATALOG_GENERATE_SYMBOLS = YES;
				SWIFT_APPROACHABLE_CONCURRENCY = YES;
				SWIFT_EMIT_LOC_STRINGS = YES;
				SWIFT_UPCOMING_FEATURE_MEMBER_IMPORT_VISIBILITY = YES;
				SWIFT_VERSION = 5.0;
				TARGETED_DEVICE_FAMILY = "1,2";
			};
			name = Debug;
		};
		3F7370762F884655003FEEE0 /* Release */ = {
			isa = XCBuildConfiguration;
			buildSettings = {
				ASSETCATALOG_COMPILER_GLOBAL_ACCENT_COLOR_NAME = AccentColor;
				ASSETCATALOG_COMPILER_WIDGET_BACKGROUND_COLOR_NAME = WidgetBackground;
				CODE_SIGN_ENTITLEMENTS = VoucherWidgetExtension.entitlements;
				CODE_SIGN_IDENTITY = "Apple Development";
				CODE_SIGN_STYLE = Automatic;
				CURRENT_PROJECT_VERSION = 1;
				DEVELOPMENT_TEAM = 5U5279P9WF;
				GENERATE_INFOPLIST_FILE = YES;
				INFOPLIST_FILE = VoucherWidget/Info.plist;
				INFOPLIST_KEY_CFBundleDisplayName = VoucherWidget;
				INFOPLIST_KEY_NSHumanReadableCopyright = "";
				LD_RUNPATH_SEARCH_PATHS = (
					"$(inherited)",
					"@executable_path/Frameworks",
					"@executable_path/../../Frameworks",
				);
				MARKETING_VERSION = 1.0;
				PRODUCT_BUNDLE_IDENTIFIER = "jrocher.Voucher-Wallet.VoucherWidget";
				PRODUCT_NAME = "$(TARGET_NAME)";
				SKIP_INSTALL = YES;
				STRING_CATALOG_GENERATE_SYMBOLS = YES;
				SWIFT_APPROACHABLE_CONCURRENCY = YES;
				SWIFT_EMIT_LOC_STRINGS = YES;
				SWIFT_UPCOMING_FEATURE_MEMBER_IMPORT_VISIBILITY = YES;
				SWIFT_VERSION = 5.0;
				TARGETED_DEVICE_FAMILY = "1,2";
			};
			name = Release;
		};
/* End XCBuildConfiguration section */

/* Begin XCConfigurationList section */
		3F5725232F7EBE8C00E99806 /* Build configuration list for PBXProject "Voucher Wallet" */ = {
			isa = XCConfigurationList;
			buildConfigurations = (
				3F5725312F7EBE8D00E99806 /* Debug */,
				3F5725322F7EBE8D00E99806 /* Release */,
			);
			defaultConfigurationIsVisible = 0;
			defaultConfigurationName = Release;
		};
		3F5725332F7EBE8D00E99806 /* Build configuration list for PBXNativeTarget "Voucher Wallet" */ = {
			isa = XCConfigurationList;
			buildConfigurations = (
				3F5725342F7EBE8D00E99806 /* Debug */,
				3F5725352F7EBE8D00E99806 /* Release */,
			);
			defaultConfigurationIsVisible = 0;
			defaultConfigurationName = Release;
		};
		3F7370742F884655003FEEE0 /* Build configuration list for PBXNativeTarget "VoucherWidgetExtension" */ = {
			isa = XCConfigurationList;
			buildConfigurations = (
				3F7370752F884655003FEEE0 /* Debug */,
				3F7370762F884655003FEEE0 /* Release */,
			);
			defaultConfigurationIsVisible = 0;
			defaultConfigurationName = Release;
		};
/* End XCConfigurationList section */
	};
	rootObject = 3F5725202F7EBE8C00E99806 /* Project object */;
}
